
Microsoft Visual Studio Solution File, Format Version 12.00
# Visual Studio Version 16
VisualStudioVersion = 16.0.30104.148
MinimumVisualStudioVersion = 10.0.40219.1
Project("{FAE04EC0-301F-11D3-BF4B-00C04F79EFBC}") = "Werkstoffverwaltung", "Werkstoffverwaltung\Werkstoffverwaltung.csproj", "{B7462FCF-ABBB-4E18-B7FB-BA9018912036}"
EndProject
Project("{FAE04EC0-301F-11D3-BF4B-00C04F79EFBC}") = "Auftrag-Kunde", "KundenWerkstuecke\Auftrag-Kunde\Auftrag-Kunde.csproj", "{B30F8648-EC31-4122-8227-C0A47B4AAAE2}"
EndProject
Global
	GlobalSection(SolutionConfigurationPlatforms) = preSolution
		Debug|Any CPU = Debug|Any CPU
		Release|Any CPU = Release|Any CPU
	EndGlobalSection
	GlobalSection(ProjectConfigurationPlatforms) = postSolution
		{B7462FCF-ABBB-4E18-B7FB-BA9018912036}.Debug|Any CPU.ActiveCfg = Debug|Any CPU
		{B7462FCF-ABBB-4E18-B7FB-BA9018912036}.Debug|Any CPU.Build.0 = Debug|Any CPU
		{B7462FCF-ABBB-4E18-B7FB-BA9018912036}.Release|Any CPU.ActiveCfg = Release|Any CPU
		{B7462FCF-ABBB-4E18-B7FB-BA9018912036}.Release|Any CPU.Build.0 = Release|Any CPU
		{B30F8648-EC31-4122-8227-C0A47B4AAAE2}.Debug|Any CPU.ActiveCfg = Debug|Any CPU
		{B30F8648-EC31-4122-8227-C0A47B4AAAE2}.Debug|Any CPU.Build.0 = Debug|Any CPU
		{B30F8648-EC31-4122-8227-C0A47B4AAAE2}.Release|Any CPU.ActiveCfg = Release|Any CPU
		{B30F8648-EC31-4122-8227-C0A47B4AAAE2}.Release|Any CPU.Build.0 = Release|Any CPU
	EndGlobalSection
	GlobalSection(SolutionProperties) = preSolution
		HideSolutionNode = FALSE
	EndGlobalSection
	GlobalSection(ExtensibilityGlobals) = postSolution
		SolutionGuid = {BB9B69F0-B5AC-4EED-83D7-6787563560AB}
	EndGlobalSection
EndGlobal
