
Microsoft Visual Studio Solution File, Format Version 12.00
# Visual Studio Version 16
VisualStudioVersion = 16.0.30104.148
MinimumVisualStudioVersion = 10.0.40219.1
Project("{FAE04EC0-301F-11D3-BF4B-00C04F79EFBC}") = "Werkstoffe_storedProcedure", "Werkstoffe_Procedure\Werkstoffe_storedProcedure.csproj", "{B7462FCF-ABBB-4E18-B7FB-BA9018912036}"
EndProject
Project("{FAE04EC0-301F-11D3-BF4B-00C04F79EFBC}") = "Werkstoffe_storedRoutines", "Werkstoffe_Function\Werkstoffe_storedRoutines.csproj", "{A5FAE5CC-12C8-452B-A937-B403EEC63968}"
EndProject
Project("{FAE04EC0-301F-11D3-BF4B-00C04F79EFBC}") = "Auftrag-Kunde_PLSQL", "Auftrag_Kunde_Cursor\Auftrag-Kunde_PLSQL.csproj", "{76B58C02-FC04-40C7-85BC-112129C8FCFF}"
EndProject
Global
	GlobalSection(SolutionConfigurationPlatforms) = preSolution
		Debug|Any CPU = Debug|Any CPU
		Release|Any CPU = Release|Any CPU
	EndGlobalSection
	GlobalSection(ProjectConfigurationPlatforms) = postSolution
		{B7462FCF-ABBB-4E18-B7FB-BA9018912036}.Debug|Any CPU.ActiveCfg = Debug|Any CPU
		{B7462FCF-ABBB-4E18-B7FB-BA9018912036}.Debug|Any CPU.Build.0 = Debug|Any CPU
		{B7462FCF-ABBB-4E18-B7FB-BA9018912036}.Release|Any CPU.ActiveCfg = Release|Any CPU
		{B7462FCF-ABBB-4E18-B7FB-BA9018912036}.Release|Any CPU.Build.0 = Release|Any CPU
		{A5FAE5CC-12C8-452B-A937-B403EEC63968}.Debug|Any CPU.ActiveCfg = Debug|Any CPU
		{A5FAE5CC-12C8-452B-A937-B403EEC63968}.Debug|Any CPU.Build.0 = Debug|Any CPU
		{A5FAE5CC-12C8-452B-A937-B403EEC63968}.Release|Any CPU.ActiveCfg = Release|Any CPU
		{A5FAE5CC-12C8-452B-A937-B403EEC63968}.Release|Any CPU.Build.0 = Release|Any CPU
		{76B58C02-FC04-40C7-85BC-112129C8FCFF}.Debug|Any CPU.ActiveCfg = Debug|Any CPU
		{76B58C02-FC04-40C7-85BC-112129C8FCFF}.Debug|Any CPU.Build.0 = Debug|Any CPU
		{76B58C02-FC04-40C7-85BC-112129C8FCFF}.Release|Any CPU.ActiveCfg = Release|Any CPU
		{76B58C02-FC04-40C7-85BC-112129C8FCFF}.Release|Any CPU.Build.0 = Release|Any CPU
	EndGlobalSection
	GlobalSection(SolutionProperties) = preSolution
		HideSolutionNode = FALSE
	EndGlobalSection
	GlobalSection(ExtensibilityGlobals) = postSolution
		SolutionGuid = {7F6C1748-F634-4CD3-9E66-288734117949}
	EndGlobalSection
EndGlobal
